
Microsoft Visual Studio Solution File, Format Version 12.00
# Visual Studio Version 16
VisualStudioVersion = 16.0.28803.202
MinimumVisualStudioVersion = 10.0.40219.1
Project("{FAE04EC0-301F-11D3-BF4B-00C04F79EFBC}") = "PDFTransform", "PDFTransform.csproj", "{B446ABFC-4E02-4859-9CCE-C8BE25447FD4}"
EndProject
Global
	GlobalSection(SolutionConfigurationPlatforms) = preSolution
		Debug|Any CPU = Debug|Any CPU
		Release|Any CPU = Release|Any CPU
	EndGlobalSection
	GlobalSection(ProjectConfigurationPlatforms) = postSolution
		{B446ABFC-4E02-4859-9CCE-C8BE25447FD4}.Debug|Any CPU.ActiveCfg = Debug|Any CPU
		{B446ABFC-4E02-4859-9CCE-C8BE25447FD4}.Debug|Any CPU.Build.0 = Debug|Any CPU
		{B446ABFC-4E02-4859-9CCE-C8BE25447FD4}.Release|Any CPU.ActiveCfg = Release|Any CPU
		{B446ABFC-4E02-4859-9CCE-C8BE25447FD4}.Release|Any CPU.Build.0 = Release|Any CPU
	EndGlobalSection
	GlobalSection(SolutionProperties) = preSolution
		HideSolutionNode = FALSE
	EndGlobalSection
	GlobalSection(ExtensibilityGlobals) = postSolution
		SolutionGuid = {C1E39E62-8E0F-436C-93D7-28BF8FB9F8F9}
	EndGlobalSection
EndGlobal
